
Microsoft Visual Studio Solution File, Format Version 12.00
# Visual Studio Version 16
VisualStudioVersion = 16.0.31005.135
MinimumVisualStudioVersion = 10.0.40219.1
Project("{9A19103F-16F7-4668-BE54-9A1E7A4F7556}") = "TestApp", "TestApp\TestApp.csproj", "{E31947C1-1AA4-45C4-9E2E-F62E73AF9771}"
EndProject
Project("{FAE04EC0-301F-11D3-BF4B-00C04F79EFBC}") = "TestApp.Tests", "TestApp.Tests\TestApp.Tests.csproj", "{8D184BA9-F3BF-4674-BFD4-9F32A490ADCB}"
EndProject
Global
	GlobalSection(SolutionConfigurationPlatforms) = preSolution
		Debug|Any CPU = Debug|Any CPU
		Release|Any CPU = Release|Any CPU
	EndGlobalSection
	GlobalSection(ProjectConfigurationPlatforms) = postSolution
		{E31947C1-1AA4-45C4-9E2E-F62E73AF9771}.Debug|Any CPU.ActiveCfg = Debug|Any CPU
		{E31947C1-1AA4-45C4-9E2E-F62E73AF9771}.Debug|Any CPU.Build.0 = Debug|Any CPU
		{E31947C1-1AA4-45C4-9E2E-F62E73AF9771}.Release|Any CPU.ActiveCfg = Release|Any CPU
		{E31947C1-1AA4-45C4-9E2E-F62E73AF9771}.Release|Any CPU.Build.0 = Release|Any CPU
		{8D184BA9-F3BF-4674-BFD4-9F32A490ADCB}.Debug|Any CPU.ActiveCfg = Debug|Any CPU
		{8D184BA9-F3BF-4674-BFD4-9F32A490ADCB}.Debug|Any CPU.Build.0 = Debug|Any CPU
		{8D184BA9-F3BF-4674-BFD4-9F32A490ADCB}.Release|Any CPU.ActiveCfg = Release|Any CPU
		{8D184BA9-F3BF-4674-BFD4-9F32A490ADCB}.Release|Any CPU.Build.0 = Release|Any CPU
	EndGlobalSection
	GlobalSection(SolutionProperties) = preSolution
		HideSolutionNode = FALSE
	EndGlobalSection
	GlobalSection(ExtensibilityGlobals) = postSolution
		SolutionGuid = {283FAA35-E732-4F46-AEF5-D8CD7AD20D75}
	EndGlobalSection
EndGlobal
